{
    "name": "v4l2camera",
    "version": "1.0.4",
    "lockfileVersion": 1,
    "requires": true,
    "dependencies": {
        "jpeg-js": {
            "version": "0.3.3",
            "resolved": "https://registry.npmjs.org/jpeg-js/-/jpeg-js-0.3.3.tgz",
            "integrity": "sha512-+As71pgzYX+mVcLHCuvFhfn1QKq7tACj1jXbvkkE43VAy2YUN0KNPQxxb3BBSBpqlJh30DPNNbdUR3jc82sacQ==",
            "dev": true
        },
        "nan": {
            "version": "2.8.0",
            "resolved": "https://registry.npmjs.org/nan/-/nan-2.8.0.tgz",
            "integrity": "sha1-7XFfP+neArV6XmJS2QqWZ14fCFo="
        },
        "pngjs": {
            "version": "3.3.1",
            "resolved": "https://registry.npmjs.org/pngjs/-/pngjs-3.3.1.tgz",
            "integrity": "sha512-ggXCTsqHRIsGMkHlCEhbHhUmNTA2r1lpkE0NL4Q9S8spkXbm4vE9TVmPso2AGYn90Gltdz8W5CyzhcIGg2Gejg==",
            "dev": true
        }
    }
}
